
Microsoft Visual Studio Solution File, Format Version 12.00
# Visual Studio Version 17
VisualStudioVersion = 17.9.34701.34
MinimumVisualStudioVersion = 10.0.40219.1
Project("{FAE04EC0-301F-11D3-BF4B-00C04F79EFBC}") = "Ex13MapearNumeros", "Ex13MapearNumeros\Ex13MapearNumeros.csproj", "{752B6A26-45E3-49A8-A9D5-0F5612FFBAF7}"
EndProject
Global
	GlobalSection(SolutionConfigurationPlatforms) = preSolution
		Debug|Any CPU = Debug|Any CPU
		Release|Any CPU = Release|Any CPU
	EndGlobalSection
	GlobalSection(ProjectConfigurationPlatforms) = postSolution
		{752B6A26-45E3-49A8-A9D5-0F5612FFBAF7}.Debug|Any CPU.ActiveCfg = Debug|Any CPU
		{752B6A26-45E3-49A8-A9D5-0F5612FFBAF7}.Debug|Any CPU.Build.0 = Debug|Any CPU
		{752B6A26-45E3-49A8-A9D5-0F5612FFBAF7}.Release|Any CPU.ActiveCfg = Release|Any CPU
		{752B6A26-45E3-49A8-A9D5-0F5612FFBAF7}.Release|Any CPU.Build.0 = Release|Any CPU
	EndGlobalSection
	GlobalSection(SolutionProperties) = preSolution
		HideSolutionNode = FALSE
	EndGlobalSection
	GlobalSection(ExtensibilityGlobals) = postSolution
		SolutionGuid = {EA85B0CD-DCF5-434A-94D3-D9FEF04F28C3}
	EndGlobalSection
EndGlobal
